
Microsoft Visual Studio Solution File, Format Version 12.00
# Visual Studio 15
VisualStudioVersion = 15.0.27428.1
MinimumVisualStudioVersion = 10.0.40219.1
Project("{FAE04EC0-301F-11D3-BF4B-00C04F79EFBC}") = "Server", "Server\Server.csproj", "{8AD1939C-EF2C-42FA-B131-532EBB830287}"
EndProject
Project("{FAE04EC0-301F-11D3-BF4B-00C04F79EFBC}") = "User", "Registry\User.csproj", "{9AF6E120-767D-42F0-9DCD-C0779286ED9D}"
EndProject
Project("{FAE04EC0-301F-11D3-BF4B-00C04F79EFBC}") = "Test", "Test\Test.csproj", "{35581FAD-53D6-429A-B8FE-39B182ED9497}"
EndProject
Project("{FAE04EC0-301F-11D3-BF4B-00C04F79EFBC}") = "Common", "Common\Common.csproj", "{9BBC8AC0-8745-4330-9903-6A4E760C00F7}"
EndProject
Global
	GlobalSection(SolutionConfigurationPlatforms) = preSolution
		Debug|Any CPU = Debug|Any CPU
		Release|Any CPU = Release|Any CPU
	EndGlobalSection
	GlobalSection(ProjectConfigurationPlatforms) = postSolution
		{8AD1939C-EF2C-42FA-B131-532EBB830287}.Debug|Any CPU.ActiveCfg = Debug|Any CPU
		{8AD1939C-EF2C-42FA-B131-532EBB830287}.Debug|Any CPU.Build.0 = Debug|Any CPU
		{8AD1939C-EF2C-42FA-B131-532EBB830287}.Release|Any CPU.ActiveCfg = Release|Any CPU
		{8AD1939C-EF2C-42FA-B131-532EBB830287}.Release|Any CPU.Build.0 = Release|Any CPU
		{9AF6E120-767D-42F0-9DCD-C0779286ED9D}.Debug|Any CPU.ActiveCfg = Debug|Any CPU
		{9AF6E120-767D-42F0-9DCD-C0779286ED9D}.Debug|Any CPU.Build.0 = Debug|Any CPU
		{9AF6E120-767D-42F0-9DCD-C0779286ED9D}.Release|Any CPU.ActiveCfg = Release|Any CPU
		{9AF6E120-767D-42F0-9DCD-C0779286ED9D}.Release|Any CPU.Build.0 = Release|Any CPU
		{35581FAD-53D6-429A-B8FE-39B182ED9497}.Debug|Any CPU.ActiveCfg = Debug|Any CPU
		{35581FAD-53D6-429A-B8FE-39B182ED9497}.Debug|Any CPU.Build.0 = Debug|Any CPU
		{35581FAD-53D6-429A-B8FE-39B182ED9497}.Release|Any CPU.ActiveCfg = Release|Any CPU
		{35581FAD-53D6-429A-B8FE-39B182ED9497}.Release|Any CPU.Build.0 = Release|Any CPU
		{9BBC8AC0-8745-4330-9903-6A4E760C00F7}.Debug|Any CPU.ActiveCfg = Debug|Any CPU
		{9BBC8AC0-8745-4330-9903-6A4E760C00F7}.Debug|Any CPU.Build.0 = Debug|Any CPU
		{9BBC8AC0-8745-4330-9903-6A4E760C00F7}.Release|Any CPU.ActiveCfg = Release|Any CPU
		{9BBC8AC0-8745-4330-9903-6A4E760C00F7}.Release|Any CPU.Build.0 = Release|Any CPU
	EndGlobalSection
	GlobalSection(SolutionProperties) = preSolution
		HideSolutionNode = FALSE
	EndGlobalSection
	GlobalSection(ExtensibilityGlobals) = postSolution
		SolutionGuid = {CDE15CEA-2AC8-4EEA-B4A2-1F178396EE23}
	EndGlobalSection
EndGlobal
